
Microsoft Visual Studio Solution File, Format Version 12.00
# Visual Studio Version 17
VisualStudioVersion = 17.0.31903.59
MinimumVisualStudioVersion = 10.0.40219.1
Project("{9A19103F-16F7-4668-BE54-9A1E7A4F7556}") = "Flowers.Api", "Flower.Api\Flowers.Api.csproj", "{A0A03F56-E393-4CD3-914D-E11141F3F407}"
EndProject
Project("{9A19103F-16F7-4668-BE54-9A1E7A4F7556}") = "Flowers.Core", "Flower.Core\Flowers.Core.csproj", "{9A07B34F-CD34-46FB-8D06-1C4DC29A93D2}"
EndProject
Project("{9A19103F-16F7-4668-BE54-9A1E7A4F7556}") = "Flowers.UI", "Flower.UI\Flowers.UI.csproj", "{3F00E8A7-E86C-4BD0-AAF3-578AFEB07D0F}"
EndProject
Project("{9A19103F-16F7-4668-BE54-9A1E7A4F7556}") = "Flowers.Data", "Flower.Data\Flowers.Data.csproj", "{6E480EFF-9A9F-429F-AB46-B3DEADC93632}"
EndProject
Project("{FAE04EC0-301F-11D3-BF4B-00C04F79EFBC}") = "Flowers.Services", "Flowers.Services\Flowers.Services.csproj", "{F5B79975-B4A6-4C6D-B820-A865A681C532}"
EndProject
Global
	GlobalSection(SolutionConfigurationPlatforms) = preSolution
		Debug|Any CPU = Debug|Any CPU
		Release|Any CPU = Release|Any CPU
	EndGlobalSection
	GlobalSection(ProjectConfigurationPlatforms) = postSolution
		{A0A03F56-E393-4CD3-914D-E11141F3F407}.Debug|Any CPU.ActiveCfg = Debug|Any CPU
		{A0A03F56-E393-4CD3-914D-E11141F3F407}.Debug|Any CPU.Build.0 = Debug|Any CPU
		{A0A03F56-E393-4CD3-914D-E11141F3F407}.Release|Any CPU.ActiveCfg = Release|Any CPU
		{A0A03F56-E393-4CD3-914D-E11141F3F407}.Release|Any CPU.Build.0 = Release|Any CPU
		{9A07B34F-CD34-46FB-8D06-1C4DC29A93D2}.Debug|Any CPU.ActiveCfg = Debug|Any CPU
		{9A07B34F-CD34-46FB-8D06-1C4DC29A93D2}.Debug|Any CPU.Build.0 = Debug|Any CPU
		{9A07B34F-CD34-46FB-8D06-1C4DC29A93D2}.Release|Any CPU.ActiveCfg = Release|Any CPU
		{9A07B34F-CD34-46FB-8D06-1C4DC29A93D2}.Release|Any CPU.Build.0 = Release|Any CPU
		{3F00E8A7-E86C-4BD0-AAF3-578AFEB07D0F}.Debug|Any CPU.ActiveCfg = Debug|Any CPU
		{3F00E8A7-E86C-4BD0-AAF3-578AFEB07D0F}.Debug|Any CPU.Build.0 = Debug|Any CPU
		{3F00E8A7-E86C-4BD0-AAF3-578AFEB07D0F}.Release|Any CPU.ActiveCfg = Release|Any CPU
		{3F00E8A7-E86C-4BD0-AAF3-578AFEB07D0F}.Release|Any CPU.Build.0 = Release|Any CPU
		{6E480EFF-9A9F-429F-AB46-B3DEADC93632}.Debug|Any CPU.ActiveCfg = Debug|Any CPU
		{6E480EFF-9A9F-429F-AB46-B3DEADC93632}.Debug|Any CPU.Build.0 = Debug|Any CPU
		{6E480EFF-9A9F-429F-AB46-B3DEADC93632}.Release|Any CPU.ActiveCfg = Release|Any CPU
		{6E480EFF-9A9F-429F-AB46-B3DEADC93632}.Release|Any CPU.Build.0 = Release|Any CPU
		{F5B79975-B4A6-4C6D-B820-A865A681C532}.Debug|Any CPU.ActiveCfg = Debug|Any CPU
		{F5B79975-B4A6-4C6D-B820-A865A681C532}.Debug|Any CPU.Build.0 = Debug|Any CPU
		{F5B79975-B4A6-4C6D-B820-A865A681C532}.Release|Any CPU.ActiveCfg = Release|Any CPU
		{F5B79975-B4A6-4C6D-B820-A865A681C532}.Release|Any CPU.Build.0 = Release|Any CPU
	EndGlobalSection
	GlobalSection(SolutionProperties) = preSolution
		HideSolutionNode = FALSE
	EndGlobalSection
	GlobalSection(ExtensibilityGlobals) = postSolution
		SolutionGuid = {D14747ED-C9C4-4C7D-B622-60CAC648C397}
	EndGlobalSection
EndGlobal
